
Microsoft Visual Studio Solution File, Format Version 12.00
# Visual Studio Version 17
VisualStudioVersion = 17.4.32804.182
MinimumVisualStudioVersion = 10.0.40219.1
Project("{2150E333-8FDC-42A3-9474-1A3956D46DE8}") = "src", "src", "{A7383310-3AD9-419A-B746-3CBC7CCF34E9}"
EndProject
Project("{9A19103F-16F7-4668-BE54-9A1E7A4F7556}") = "WaveFunctionCollapseModel", "src\WaveFunctionCollapseModel\WaveFunctionCollapseModel.csproj", "{DCC19F29-896F-430E-9FE0-ACF1A3326454}"
EndProject
Project("{2150E333-8FDC-42A3-9474-1A3956D46DE8}") = "tests", "tests", "{4811AB4D-884A-46B9-B193-11CBA2B1B72F}"
EndProject
Project("{9A19103F-16F7-4668-BE54-9A1E7A4F7556}") = "WaveFunctionCollapseExamples", "tests\WaveFunctionCollapseExamples\WaveFunctionCollapseExamples.csproj", "{380E9768-D21C-440A-916A-7CC172899B01}"
EndProject
Global
	GlobalSection(SolutionConfigurationPlatforms) = preSolution
		Debug|Any CPU = Debug|Any CPU
		Release|Any CPU = Release|Any CPU
	EndGlobalSection
	GlobalSection(ProjectConfigurationPlatforms) = postSolution
		{DCC19F29-896F-430E-9FE0-ACF1A3326454}.Debug|Any CPU.ActiveCfg = Debug|Any CPU
		{DCC19F29-896F-430E-9FE0-ACF1A3326454}.Debug|Any CPU.Build.0 = Debug|Any CPU
		{DCC19F29-896F-430E-9FE0-ACF1A3326454}.Release|Any CPU.ActiveCfg = Release|Any CPU
		{DCC19F29-896F-430E-9FE0-ACF1A3326454}.Release|Any CPU.Build.0 = Release|Any CPU
		{380E9768-D21C-440A-916A-7CC172899B01}.Debug|Any CPU.ActiveCfg = Debug|Any CPU
		{380E9768-D21C-440A-916A-7CC172899B01}.Debug|Any CPU.Build.0 = Debug|Any CPU
		{380E9768-D21C-440A-916A-7CC172899B01}.Release|Any CPU.ActiveCfg = Release|Any CPU
		{380E9768-D21C-440A-916A-7CC172899B01}.Release|Any CPU.Build.0 = Release|Any CPU
	EndGlobalSection
	GlobalSection(SolutionProperties) = preSolution
		HideSolutionNode = FALSE
	EndGlobalSection
	GlobalSection(NestedProjects) = preSolution
		{DCC19F29-896F-430E-9FE0-ACF1A3326454} = {A7383310-3AD9-419A-B746-3CBC7CCF34E9}
		{380E9768-D21C-440A-916A-7CC172899B01} = {4811AB4D-884A-46B9-B193-11CBA2B1B72F}
	EndGlobalSection
	GlobalSection(ExtensibilityGlobals) = postSolution
		SolutionGuid = {8B348283-C012-472F-96FE-D3DA1ACE0874}
	EndGlobalSection
EndGlobal
